{
  "nodes": {
    "kickstart": {
      "flake": false,
      "locked": {
        "lastModified": 1747948204,
        "narHash": "sha256-R59087fZQVRxyD47T0TPwjbq3s+N+aJAcT7S5AZhQz8=",
        "owner": "nvim-lua",
        "repo": "kickstart.nvim",
        "rev": "3338d3920620861f8313a2745fd5d2be39f39534",
        "type": "github"
      },
      "original": {
        "owner": "nvim-lua",
        "repo": "kickstart.nvim",
        "type": "github"
      }
    },
    "nixpkgs": {
      "locked": {
        "lastModified": 1735563628,
        "narHash": "sha256-OnSAY7XDSx7CtDoqNh8jwVwh4xNL/2HaJxGjryLWzX8=",
        "owner": "NixOS",
        "repo": "nixpkgs",
        "rev": "b134951a4c9f3c995fd7be05f3243f8ecd65d798",
        "type": "github"
      },
      "original": {
        "owner": "NixOS",
        "ref": "nixos-24.05",
        "repo": "nixpkgs",
        "type": "github"
      }
    },
    "root": {
      "inputs": {
        "kickstart": "kickstart",
        "nixpkgs": "nixpkgs"
      }
    }
  },
  "root": "root",
  "version": 7
}
